// !$*UTF8*$!
{
	archiveVersion = 1;
	classes = {
	};
	objectVersion = 46;
	objects = {

/* Begin PBXBuildFile section */
		8D05A4E81F5DA83D00A092B1 /* TaskCell.swift in Sources */ = {isa = PBXBuildFile; fileRef = 8D05A4E71F5DA83D00A092B1 /* TaskCell.swift */; };
		8D8C04741F5F01B1000C8C91 /* ToDoList.xcdatamodeld in Sources */ = {isa = PBXBuildFile; fileRef = 8D8C04721F5F01B1000C8C91 /* ToDoList.xcdatamodeld */; };
		ED22B22F1E9AB42A00C0D5AC /* AppDelegate.swift in Sources */ = {isa = PBXBuildFile; fileRef = ED22B22E1E9AB42A00C0D5AC /* AppDelegate.swift */; };
		ED22B2311E9AB42A00C0D5AC /* ViewController.swift in Sources */ = {isa = PBXBuildFile; fileRef = ED22B2301E9AB42A00C0D5AC /* ViewController.swift */; };
		ED22B2341E9AB42A00C0D5AC /* Main.storyboard in Resources */ = {isa = PBXBuildFile; fileRef = ED22B2321E9AB42A00C0D5AC /* Main.storyboard */; };
		ED22B2361E9AB42A00C0D5AC /* Assets.xcassets in Resources */ = {isa = PBXBuildFile; fileRef = ED22B2351E9AB42A00C0D5AC /* Assets.xcassets */; };
		ED22B2391E9AB42A00C0D5AC /* LaunchScreen.storyboard in Resources */ = {isa = PBXBuildFile; fileRef = ED22B2371E9AB42A00C0D5AC /* LaunchScreen.storyboard */; };
		ED61A6CF1E9D983900A010B8 /* YTButtons.swift in Sources */ = {isa = PBXBuildFile; fileRef = ED61A6CE1E9D983900A010B8 /* YTButtons.swift */; };
/* End PBXBuildFile section */

/* Begin PBXFileReference section */
		8D05A4E71F5DA83D00A092B1 /* TaskCell.swift */ = {isa = PBXFileReference; fileEncoding = 4; lastKnownFileType = sourcecode.swift; path = TaskCell.swift; sourceTree = "<group>"; };
		8D8C04731F5F01B1000C8C91 /* ToDoList.xcdatamodel */ = {isa = PBXFileReference; lastKnownFileType = wrapper.xcdatamodel; path = ToDoList.xcdatamodel; sourceTree = "<group>"; };
		ED22B22B1E9AB42A00C0D5AC /* ToDoList.app */ = {isa = PBXFileReference; explicitFileType = wrapper.application; includeInIndex = 0; path = ToDoList.app; sourceTree = BUILT_PRODUCTS_DIR; };
		ED22B22E1E9AB42A00C0D5AC /* AppDelegate.swift */ = {isa = PBXFileReference; lastKnownFileType = sourcecode.swift; path = AppDelegate.swift; sourceTree = "<group>"; };
		ED22B2301E9AB42A00C0D5AC /* ViewController.swift */ = {isa = PBXFileReference; lastKnownFileType = sourcecode.swift; path = ViewController.swift; sourceTree = "<group>"; };
		ED22B2331E9AB42A00C0D5AC /* Base */ = {isa = PBXFileReference; lastKnownFileType = file.storyboard; name = Base; path = Base.lproj/Main.storyboard; sourceTree = "<group>"; };
		ED22B2351E9AB42A00C0D5AC /* Assets.xcassets */ = {isa = PBXFileReference; lastKnownFileType = folder.assetcatalog; path = Assets.xcassets; sourceTree = "<group>"; };
		ED22B2381E9AB42A00C0D5AC /* Base */ = {isa = PBXFileReference; lastKnownFileType = file.storyboard; name = Base; path = Base.lproj/LaunchScreen.storyboard; sourceTree = "<group>"; };
		ED22B23A1E9AB42A00C0D5AC /* Info.plist */ = {isa = PBXFileReference; lastKnownFileType = text.plist.xml; path = Info.plist; sourceTree = "<group>"; };
		ED61A6CE1E9D983900A010B8 /* YTButtons.swift */ = {isa = PBXFileReference; fileEncoding = 4; lastKnownFileType = sourcecode.swift; path = YTButtons.swift; sourceTree = "<group>"; };
/* End PBXFileReference section */

/* Begin PBXFrameworksBuildPhase section */
		ED22B2281E9AB42A00C0D5AC /* Frameworks */ = {
			isa = PBXFrameworksBuildPhase;
			buildActionMask = 2147483647;
			files = (
			);
			runOnlyForDeploymentPostprocessing = 0;
		};
/* End PBXFrameworksBuildPhase section */

/* Begin PBXGroup section */
		3F5AD8511F613E830069F8AA /* Model */ = {
			isa = PBXGroup;
			children = (
				8D8C04721F5F01B1000C8C91 /* ToDoList.xcdatamodeld */,
			);
			name = Model;
			sourceTree = "<group>";
		};
		3F5AD8521F613E970069F8AA /* Controlers */ = {
			isa = PBXGroup;
			children = (
				ED22B2301E9AB42A00C0D5AC /* ViewController.swift */,
			);
			name = Controlers;
			sourceTree = "<group>";
		};
		3F5AD8531F613EAC0069F8AA /* Views */ = {
			isa = PBXGroup;
			children = (
				8D05A4E71F5DA83D00A092B1 /* TaskCell.swift */,
				ED61A6CE1E9D983900A010B8 /* YTButtons.swift */,
				ED22B2321E9AB42A00C0D5AC /* Main.storyboard */,
				ED22B2371E9AB42A00C0D5AC /* LaunchScreen.storyboard */,
			);
			name = Views;
			sourceTree = "<group>";
		};
		8D8C046F1F5EF307000C8C91 /* SupportFiles */ = {
			isa = PBXGroup;
			children = (
				ED22B22E1E9AB42A00C0D5AC /* AppDelegate.swift */,
				ED22B2351E9AB42A00C0D5AC /* Assets.xcassets */,
			);
			name = SupportFiles;
			sourceTree = "<group>";
		};
		ED22B2221E9AB42A00C0D5AC = {
			isa = PBXGroup;
			children = (
				ED22B22D1E9AB42A00C0D5AC /* ToDoList */,
				ED22B22C1E9AB42A00C0D5AC /* Products */,
			);
			sourceTree = "<group>";
		};
		ED22B22C1E9AB42A00C0D5AC /* Products */ = {
			isa = PBXGroup;
			children = (
				ED22B22B1E9AB42A00C0D5AC /* ToDoList.app */,
			);
			name = Products;
			sourceTree = "<group>";
		};
		ED22B22D1E9AB42A00C0D5AC /* ToDoList */ = {
			isa = PBXGroup;
			children = (
				3F5AD8531F613EAC0069F8AA /* Views */,
				3F5AD8521F613E970069F8AA /* Controlers */,
				3F5AD8511F613E830069F8AA /* Model */,
				8D8C046F1F5EF307000C8C91 /* SupportFiles */,
				ED22B23A1E9AB42A00C0D5AC /* Info.plist */,
			);
			path = ToDoList;
			sourceTree = "<group>";
		};
/* End PBXGroup section */

/* Begin PBXNativeTarget section */
		ED22B22A1E9AB42A00C0D5AC /* ToDoList */ = {
			isa = PBXNativeTarget;
			buildConfigurationList = ED22B23D1E9AB42A00C0D5AC /* Build configuration list for PBXNativeTarget "ToDoList" */;
			buildPhases = (
				ED22B2271E9AB42A00C0D5AC /* Sources */,
				ED22B2281E9AB42A00C0D5AC /* Frameworks */,
				ED22B2291E9AB42A00C0D5AC /* Resources */,
			);
			buildRules = (
			);
			dependencies = (
			);
			name = ToDoList;
			productName = "YouTube Example";
			productReference = ED22B22B1E9AB42A00C0D5AC /* ToDoList.app */;
			productType = "com.apple.product-type.application";
		};
/* End PBXNativeTarget section */

/* Begin PBXProject section */
		ED22B2231E9AB42A00C0D5AC /* Project object */ = {
			isa = PBXProject;
			attributes = {
				LastSwiftUpdateCheck = 0830;
				LastUpgradeCheck = 0900;
				ORGANIZATIONNAME = winner;
				TargetAttributes = {
					ED22B22A1E9AB42A00C0D5AC = {
						CreatedOnToolsVersion = 8.3.1;
						DevelopmentTeam = 2YJRRFA38M;
						LastSwiftMigration = 0900;
						ProvisioningStyle = Automatic;
					};
				};
			};
			buildConfigurationList = ED22B2261E9AB42A00C0D5AC /* Build configuration list for PBXProject "ToDoList" */;
			compatibilityVersion = "Xcode 3.2";
			developmentRegion = English;
			hasScannedForEncodings = 0;
			knownRegions = (
				en,
				Base,
			);
			mainGroup = ED22B2221E9AB42A00C0D5AC;
			productRefGroup = ED22B22C1E9AB42A00C0D5AC /* Products */;
			projectDirPath = "";
			projectRoot = "";
			targets = (
				ED22B22A1E9AB42A00C0D5AC /* ToDoList */,
			);
		};
/* End PBXProject section */

/* Begin PBXResourcesBuildPhase section */
		ED22B2291E9AB42A00C0D5AC /* Resources */ = {
			isa = PBXResourcesBuildPhase;
			buildActionMask = 2147483647;
			files = (
				ED22B2391E9AB42A00C0D5AC /* LaunchScreen.storyboard in Resources */,
				ED22B2361E9AB42A00C0D5AC /* Assets.xcassets in Resources */,
				ED22B2341E9AB42A00C0D5AC /* Main.storyboard in Resources */,
			);
			runOnlyForDeploymentPostprocessing = 0;
		};
/* End PBXResourcesBuildPhase section */

/* Begin PBXSourcesBuildPhase section */
		ED22B2271E9AB42A00C0D5AC /* Sources */ = {
			isa = PBXSourcesBuildPhase;
			buildActionMask = 2147483647;
			files = (
				ED22B2311E9AB42A00C0D5AC /* ViewController.swift in Sources */,
				ED61A6CF1E9D983900A010B8 /* YTButtons.swift in Sources */,
				ED22B22F1E9AB42A00C0D5AC /* AppDelegate.swift in Sources */,
				8D8C04741F5F01B1000C8C91 /* ToDoList.xcdatamodeld in Sources */,
				8D05A4E81F5DA83D00A092B1 /* TaskCell.swift in Sources */,
			);
			runOnlyForDeploymentPostprocessing = 0;
		};
/* End PBXSourcesBuildPhase section */

/* Begin PBXVariantGroup section */
		ED22B2321E9AB42A00C0D5AC /* Main.storyboard */ = {
			isa = PBXVariantGroup;
			children = (
				ED22B2331E9AB42A00C0D5AC /* Base */,
			);
			name = Main.storyboard;
			sourceTree = "<group>";
		};
		ED22B2371E9AB42A00C0D5AC /* LaunchScreen.storyboard */ = {
			isa = PBXVariantGroup;
			children = (
				ED22B2381E9AB42A00C0D5AC /* Base */,
			);
			name = LaunchScreen.storyboard;
			sourceTree = "<group>";
		};
/* End PBXVariantGroup section */

/* Begin XCBuildConfiguration section */
		ED22B23B1E9AB42A00C0D5AC /* Debug */ = {
			isa = XCBuildConfiguration;
			buildSettings = {
				ALWAYS_SEARCH_USER_PATHS = NO;
				CLANG_ANALYZER_NONNULL = YES;
				CLANG_ANALYZER_NUMBER_OBJECT_CONVERSION = YES_AGGRESSIVE;
				CLANG_CXX_LANGUAGE_STANDARD = "gnu++0x";
				CLANG_CXX_LIBRARY = "libc++";
				CLANG_ENABLE_MODULES = YES;
				CLANG_ENABLE_OBJC_ARC = YES;
				CLANG_WARN_BLOCK_CAPTURE_AUTORELEASING = YES;
				CLANG_WARN_BOOL_CONVERSION = YES;
				CLANG_WARN_COMMA = YES;
				CLANG_WARN_CONSTANT_CONVERSION = YES;
				CLANG_WARN_DIRECT_OBJC_ISA_USAGE = YES_ERROR;
				CLANG_WARN_DOCUMENTATION_COMMENTS = YES;
				CLANG_WARN_EMPTY_BODY = YES;
				CLANG_WARN_ENUM_CONVERSION = YES;
				CLANG_WARN_INFINITE_RECURSION = YES;
				CLANG_WARN_INT_CONVERSION = YES;
				CLANG_WARN_NON_LITERAL_NULL_CONVERSION = YES;
				CLANG_WARN_OBJC_LITERAL_CONVERSION = YES;
				CLANG_WARN_OBJC_ROOT_CLASS = YES_ERROR;
				CLANG_WARN_RANGE_LOOP_ANALYSIS = YES;
				CLANG_WARN_STRICT_PROTOTYPES = YES;
				CLANG_WARN_SUSPICIOUS_MOVE = YES;
				CLANG_WARN_UNREACHABLE_CODE = YES;
				CLANG_WARN__DUPLICATE_METHOD_MATCH = YES;
				"CODE_SIGN_IDENTITY[sdk=iphoneos*]" = "iPhone Developer";
				COPY_PHASE_STRIP = NO;
				DEBUG_INFORMATION_FORMAT = dwarf;
				ENABLE_STRICT_OBJC_MSGSEND = YES;
				ENABLE_TESTABILITY = YES;
				GCC_C_LANGUAGE_STANDARD = gnu99;
				GCC_DYNAMIC_NO_PIC = NO;
				GCC_NO_COMMON_BLOCKS = YES;
				GCC_OPTIMIZATION_LEVEL = 0;
				GCC_PREPROCESSOR_DEFINITIONS = (
					"DEBUG=1",
					"$(inherited)",
				);
				GCC_WARN_64_TO_32_BIT_CONVERSION = YES;
				GCC_WARN_ABOUT_RETURN_TYPE = YES_ERROR;
				GCC_WARN_UNDECLARED_SELECTOR = YES;
				GCC_WARN_UNINITIALIZED_AUTOS = YES_AGGRESSIVE;
				GCC_WARN_UNUSED_FUNCTION = YES;
				GCC_WARN_UNUSED_VARIABLE = YES;
				IPHONEOS_DEPLOYMENT_TARGET = 10.3;
				MTL_ENABLE_DEBUG_INFO = YES;
				ONLY_ACTIVE_ARCH = YES;
				SDKROOT = iphoneos;
				SWIFT_ACTIVE_COMPILATION_CONDITIONS = DEBUG;
				SWIFT_OPTIMIZATION_LEVEL = "-Onone";
				TARGETED_DEVICE_FAMILY = "1,2";
			};
			name = Debug;
		};
		ED22B23C1E9AB42A00C0D5AC /* Release */ = {
			isa = XCBuildConfiguration;
			buildSettings = {
				ALWAYS_SEARCH_USER_PATHS = NO;
				CLANG_ANALYZER_NONNULL = YES;
				CLANG_ANALYZER_NUMBER_OBJECT_CONVERSION = YES_AGGRESSIVE;
				CLANG_CXX_LANGUAGE_STANDARD = "gnu++0x";
				CLANG_CXX_LIBRARY = "libc++";
				CLANG_ENABLE_MODULES = YES;
				CLANG_ENABLE_OBJC_ARC = YES;
				CLANG_WARN_BLOCK_CAPTURE_AUTORELEASING = YES;
				CLANG_WARN_BOOL_CONVERSION = YES;
				CLANG_WARN_COMMA = YES;
				CLANG_WARN_CONSTANT_CONVERSION = YES;
				CLANG_WARN_DIRECT_OBJC_ISA_USAGE = YES_ERROR;
				CLANG_WARN_DOCUMENTATION_COMMENTS = YES;
				CLANG_WARN_EMPTY_BODY = YES;
				CLANG_WARN_ENUM_CONVERSION = YES;
				CLANG_WARN_INFINITE_RECURSION = YES;
				CLANG_WARN_INT_CONVERSION = YES;
				CLANG_WARN_NON_LITERAL_NULL_CONVERSION = YES;
				CLANG_WARN_OBJC_LITERAL_CONVERSION = YES;
				CLANG_WARN_OBJC_ROOT_CLASS = YES_ERROR;
				CLANG_WARN_RANGE_LOOP_ANALYSIS = YES;
				CLANG_WARN_STRICT_PROTOTYPES = YES;
				CLANG_WARN_SUSPICIOUS_MOVE = YES;
				CLANG_WARN_UNREACHABLE_CODE = YES;
				CLANG_WARN__DUPLICATE_METHOD_MATCH = YES;
				"CODE_SIGN_IDENTITY[sdk=iphoneos*]" = "iPhone Developer";
				COPY_PHASE_STRIP = NO;
				DEBUG_INFORMATION_FORMAT = "dwarf-with-dsym";
				ENABLE_NS_ASSERTIONS = NO;
				ENABLE_STRICT_OBJC_MSGSEND = YES;
				GCC_C_LANGUAGE_STANDARD = gnu99;
				GCC_NO_COMMON_BLOCKS = YES;
				GCC_WARN_64_TO_32_BIT_CONVERSION = YES;
				GCC_WARN_ABOUT_RETURN_TYPE = YES_ERROR;
				GCC_WARN_UNDECLARED_SELECTOR = YES;
				GCC_WARN_UNINITIALIZED_AUTOS = YES_AGGRESSIVE;
				GCC_WARN_UNUSED_FUNCTION = YES;
				GCC_WARN_UNUSED_VARIABLE = YES;
				IPHONEOS_DEPLOYMENT_TARGET = 10.3;
				MTL_ENABLE_DEBUG_INFO = NO;
				SDKROOT = iphoneos;
				SWIFT_OPTIMIZATION_LEVEL = "-Owholemodule";
				TARGETED_DEVICE_FAMILY = "1,2";
				VALIDATE_PRODUCT = YES;
			};
			name = Release;
		};
		ED22B23E1E9AB42A00C0D5AC /* Debug */ = {
			isa = XCBuildConfiguration;
			buildSettings = {
				ASSETCATALOG_COMPILER_APPICON_NAME = AppIcon;
				DEVELOPMENT_TEAM = 2YJRRFA38M;
				INFOPLIST_FILE = "$(SRCROOT)/ToDoList/Info.plist";
				IPHONEOS_DEPLOYMENT_TARGET = 10.3;
				LD_RUNPATH_SEARCH_PATHS = "$(inherited) @executable_path/Frameworks";
				PRODUCT_BUNDLE_IDENTIFIER = com.winner.todolist;
				PRODUCT_NAME = "$(TARGET_NAME)";
				SWIFT_SWIFT3_OBJC_INFERENCE = On;
				SWIFT_VERSION = 3.0;
			};
			name = Debug;
		};
		ED22B23F1E9AB42A00C0D5AC /* Release */ = {
			isa = XCBuildConfiguration;
			buildSettings = {
				ASSETCATALOG_COMPILER_APPICON_NAME = AppIcon;
				DEVELOPMENT_TEAM = 2YJRRFA38M;
				INFOPLIST_FILE = "$(SRCROOT)/ToDoList/Info.plist";
				IPHONEOS_DEPLOYMENT_TARGET = 10.3;
				LD_RUNPATH_SEARCH_PATHS = "$(inherited) @executable_path/Frameworks";
				PRODUCT_BUNDLE_IDENTIFIER = com.winner.todolist;
				PRODUCT_NAME = "$(TARGET_NAME)";
				SWIFT_SWIFT3_OBJC_INFERENCE = On;
				SWIFT_VERSION = 3.0;
			};
			name = Release;
		};
/* End XCBuildConfiguration section */

/* Begin XCConfigurationList section */
		ED22B2261E9AB42A00C0D5AC /* Build configuration list for PBXProject "ToDoList" */ = {
			isa = XCConfigurationList;
			buildConfigurations = (
				ED22B23B1E9AB42A00C0D5AC /* Debug */,
				ED22B23C1E9AB42A00C0D5AC /* Release */,
			);
			defaultConfigurationIsVisible = 0;
			defaultConfigurationName = Release;
		};
		ED22B23D1E9AB42A00C0D5AC /* Build configuration list for PBXNativeTarget "ToDoList" */ = {
			isa = XCConfigurationList;
			buildConfigurations = (
				ED22B23E1E9AB42A00C0D5AC /* Debug */,
				ED22B23F1E9AB42A00C0D5AC /* Release */,
			);
			defaultConfigurationIsVisible = 0;
			defaultConfigurationName = Release;
		};
/* End XCConfigurationList section */

/* Begin XCVersionGroup section */
		8D8C04721F5F01B1000C8C91 /* ToDoList.xcdatamodeld */ = {
			isa = XCVersionGroup;
			children = (
				8D8C04731F5F01B1000C8C91 /* ToDoList.xcdatamodel */,
			);
			currentVersion = 8D8C04731F5F01B1000C8C91 /* ToDoList.xcdatamodel */;
			path = ToDoList.xcdatamodeld;
			sourceTree = "<group>";
			versionGroupType = wrapper.xcdatamodel;
		};
/* End XCVersionGroup section */
	};
	rootObject = ED22B2231E9AB42A00C0D5AC /* Project object */;
}
